// !$*UTF8*$!
{
	archiveVersion = 1;
	classes = {
	};
	objectVersion = 70;
	objects = {

/* Begin PBXBuildFile section */
		2225279D2D5FA94D005870FC /* User.swift in Sources */ = {isa = PBXBuildFile; fileRef = 2225279C2D5FA94D005870FC /* User.swift */; };
		223A8C892D5578F200CE9734 /* FeelingSection.swift in Sources */ = {isa = PBXBuildFile; fileRef = 223A8C872D5578F200CE9734 /* FeelingSection.swift */; };
		223A8C8A2D5578F200CE9734 /* Item.swift in Sources */ = {isa = PBXBuildFile; fileRef = 223A8C882D5578F200CE9734 /* Item.swift */; };
		223A8C8F2D55798700CE9734 /* FeelingDetailView.swift in Sources */ = {isa = PBXBuildFile; fileRef = 223A8C8C2D55798700CE9734 /* FeelingDetailView.swift */; };
		223A8C902D55798700CE9734 /* FeelingRowView.swift in Sources */ = {isa = PBXBuildFile; fileRef = 223A8C8D2D55798700CE9734 /* FeelingRowView.swift */; };
		223A8C912D55798700CE9734 /* FeelingsWheelView.swift in Sources */ = {isa = PBXBuildFile; fileRef = 223A8C8E2D55798700CE9734 /* FeelingsWheelView.swift */; };
		224552DE2D66888F00255063 /* GlobalUser.swift in Sources */ = {isa = PBXBuildFile; fileRef = 224552DD2D66888F00255063 /* GlobalUser.swift */; };
		224552EA2D66923100255063 /* Reminder.swift in Sources */ = {isa = PBXBuildFile; fileRef = 224552E92D66923100255063 /* Reminder.swift */; };
		224552EC2D6692CA00255063 /* ReminderRow.swift in Sources */ = {isa = PBXBuildFile; fileRef = 224552EB2D6692CA00255063 /* ReminderRow.swift */; };
		224552F32D6693C600255063 /* CreateReminderView.swift in Sources */ = {isa = PBXBuildFile; fileRef = 224552F12D6693C600255063 /* CreateReminderView.swift */; };
		224552F42D6693C600255063 /* UpdateReminderView.swift in Sources */ = {isa = PBXBuildFile; fileRef = 224552F22D6693C600255063 /* UpdateReminderView.swift */; };
		2262C5FF2D5722BA005B5B58 /* GoogleSignIn in Frameworks */ = {isa = PBXBuildFile; productRef = 2262C5FE2D5722BA005B5B58 /* GoogleSignIn */; };
		2262C6012D5722BA005B5B58 /* GoogleSignInSwift in Frameworks */ = {isa = PBXBuildFile; productRef = 2262C6002D5722BA005B5B58 /* GoogleSignInSwift */; };
		2271BDFB2D5840740028A13B /* RecordingStore.swift in Sources */ = {isa = PBXBuildFile; fileRef = 2271BDFA2D5840740028A13B /* RecordingStore.swift */; };
		2271BDFF2D5840C70028A13B /* SessionListView.swift in Sources */ = {isa = PBXBuildFile; fileRef = 2271BDFE2D5840C70028A13B /* SessionListView.swift */; };
		2271BE1D2D586B360028A13B /* SessionMeditation.swift in Sources */ = {isa = PBXBuildFile; fileRef = 2271BE1C2D586B360028A13B /* SessionMeditation.swift */; };
		2271BE1F2D586E9F0028A13B /* AudioAsset.swift in Sources */ = {isa = PBXBuildFile; fileRef = 2271BE1E2D586E9F0028A13B /* AudioAsset.swift */; };
		229CFC712D57E617002594F9 /* Expand_Journal.swift in Sources */ = {isa = PBXBuildFile; fileRef = 229CFC702D57E617002594F9 /* Expand_Journal.swift */; };
		22A9ED9D2D6E1D86009256A0 /* TermsAndConditionsView.swift in Sources */ = {isa = PBXBuildFile; fileRef = 22A9ED9C2D6E1D86009256A0 /* TermsAndConditionsView.swift */; };
		22A9ED9F2D6ED878009256A0 /* PrivacyPolicyView.swift in Sources */ = {isa = PBXBuildFile; fileRef = 22A9ED9E2D6ED878009256A0 /* PrivacyPolicyView.swift */; };
		22BA58F82D5AEFD700F97579 /* AudioComponents.swift in Sources */ = {isa = PBXBuildFile; fileRef = 22BA58F62D5AEFD700F97579 /* AudioComponents.swift */; };
		22BB02572D5B9DEE00D1C3ED /* ProfileView.swift in Sources */ = {isa = PBXBuildFile; fileRef = 22BB02562D5B9DEE00D1C3ED /* ProfileView.swift */; };
		22CC6AF52D60001F00D84FC8 /* SessionEntry.swift in Sources */ = {isa = PBXBuildFile; fileRef = 22CC6AF42D60001F00D84FC8 /* SessionEntry.swift */; };
		22CC6AF72D60003400D84FC8 /* FeelingEntry.swift in Sources */ = {isa = PBXBuildFile; fileRef = 22CC6AF62D60003400D84FC8 /* FeelingEntry.swift */; };
		22E220B82D5583CF007D9216 /* FeelingsWheelViewModel.swift in Sources */ = {isa = PBXBuildFile; fileRef = 22E220B72D5583BF007D9216 /* FeelingsWheelViewModel.swift */; };
		22E220BA2D558729007D9216 /* FeelingsWheelContainerView.swift in Sources */ = {isa = PBXBuildFile; fileRef = 22E220B92D558720007D9216 /* FeelingsWheelContainerView.swift */; };
		22F6ADDB2D49B80E001669F5 /* AuthenticationView.swift in Sources */ = {isa = PBXBuildFile; fileRef = 22F6ADD92D49B80E001669F5 /* AuthenticationView.swift */; };
		22F6ADDD2D49B867001669F5 /* EmailSignInView.swift in Sources */ = {isa = PBXBuildFile; fileRef = 22F6ADDC2D49B867001669F5 /* EmailSignInView.swift */; };
		22F6ADFF2D51CBAC001669F5 /* Journal_Dream.swift in Sources */ = {isa = PBXBuildFile; fileRef = 22F6ADD82D49B6BD001669F5 /* Journal_Dream.swift */; };
		22F6AE012D51DA79001669F5 /* JournalModels.swift in Sources */ = {isa = PBXBuildFile; fileRef = 22F6AE002D51DA4A001669F5 /* JournalModels.swift */; };
		22F6AE042D51E7E2001669F5 /* SharedComponents.swift in Sources */ = {isa = PBXBuildFile; fileRef = 22F6AE032D51E7E2001669F5 /* SharedComponents.swift */; };
		22F7785B2D553EF800ADE344 /* ContentView.swift in Sources */ = {isa = PBXBuildFile; fileRef = 29054D362B9F88C2003FA7EB /* ContentView.swift */; };
		29054D352B9F88C2003FA7EB /* SessionAppApp.swift in Sources */ = {isa = PBXBuildFile; fileRef = 29054D342B9F88C2003FA7EB /* SessionAppApp.swift */; };
		29054D392B9F88C4003FA7EB /* Assets.xcassets in Resources */ = {isa = PBXBuildFile; fileRef = 29054D382B9F88C4003FA7EB /* Assets.xcassets */; };
		29054D3C2B9F88C4003FA7EB /* Preview Assets.xcassets in Resources */ = {isa = PBXBuildFile; fileRef = 29054D3B2B9F88C4003FA7EB /* Preview Assets.xcassets */; };
		29054D462B9F88C4003FA7EB /* SessionAppTests.swift in Sources */ = {isa = PBXBuildFile; fileRef = 29054D452B9F88C4003FA7EB /* SessionAppTests.swift */; };
		29054D502B9F88C4003FA7EB /* SessionAppUITests.swift in Sources */ = {isa = PBXBuildFile; fileRef = 29054D4F2B9F88C4003FA7EB /* SessionAppUITests.swift */; };
		29054D522B9F88C4003FA7EB /* SessionAppUITestsLaunchTests.swift in Sources */ = {isa = PBXBuildFile; fileRef = 29054D512B9F88C4003FA7EB /* SessionAppUITestsLaunchTests.swift */; };
		29054D602BA4D62F003FA7EB /* ViewA.swift in Sources */ = {isa = PBXBuildFile; fileRef = 29054D5F2BA4D62F003FA7EB /* ViewA.swift */; };
		29054D622BA4D651003FA7EB /* ViewB.swift in Sources */ = {isa = PBXBuildFile; fileRef = 29054D612BA4D651003FA7EB /* ViewB.swift */; };
		29054D642BA4D661003FA7EB /* ViewC.swift in Sources */ = {isa = PBXBuildFile; fileRef = 29054D632BA4D661003FA7EB /* ViewC.swift */; };
		29054D682BAE106B003FA7EB /* JournalView.swift in Sources */ = {isa = PBXBuildFile; fileRef = 29054D672BAE106B003FA7EB /* JournalView.swift */; };
		29054D6A2BAE10A3003FA7EB /* FeelingsView.swift in Sources */ = {isa = PBXBuildFile; fileRef = 29054D692BAE10A3003FA7EB /* FeelingsView.swift */; };
		29054D6E2BBDC41A003FA7EB /* SplashScreenView.swift in Sources */ = {isa = PBXBuildFile; fileRef = 29054D6D2BBDC41A003FA7EB /* SplashScreenView.swift */; };
		29054D702BBDE0A6003FA7EB /* CommunityView.swift in Sources */ = {isa = PBXBuildFile; fileRef = 29054D6F2BBDE0A6003FA7EB /* CommunityView.swift */; };
		29054D742BBDE517003FA7EB /* APIClient.swift in Sources */ = {isa = PBXBuildFile; fileRef = 29054D732BBDE517003FA7EB /* APIClient.swift */; };
		29054D762BC1E84E003FA7EB /* QueryView.swift in Sources */ = {isa = PBXBuildFile; fileRef = 29054D752BC1E84E003FA7EB /* QueryView.swift */; };
		29054D782BC44510003FA7EB /* NewsView.swift in Sources */ = {isa = PBXBuildFile; fileRef = 29054D772BC44510003FA7EB /* NewsView.swift */; };
		29054D7A2BC44724003FA7EB /* CachedAsyncImage in Frameworks */ = {isa = PBXBuildFile; productRef = 29054D792BC44724003FA7EB /* CachedAsyncImage */; };
		29054D7C2BC8531F003FA7EB /* JournalEntry.swift in Sources */ = {isa = PBXBuildFile; fileRef = 29054D7B2BC8531F003FA7EB /* JournalEntry.swift */; };
		2928AC1D2CC81A3E00457A86 /* FullPlayerView.swift in Sources */ = {isa = PBXBuildFile; fileRef = 2928AC1C2CC81A3E00457A86 /* FullPlayerView.swift */; };
		2928AC212CC8261600457A86 /* ImagePickerView.swift in Sources */ = {isa = PBXBuildFile; fileRef = 2928AC202CC8261600457A86 /* ImagePickerView.swift */; };
		2928AC232CD15A5500457A86 /* AnimationLearner.swift in Sources */ = {isa = PBXBuildFile; fileRef = 2928AC222CD15A5500457A86 /* AnimationLearner.swift */; };
		2928AC252CED16D700457A86 /* BodyImage.swift in Sources */ = {isa = PBXBuildFile; fileRef = 2928AC242CED16D700457A86 /* BodyImage.swift */; };
		293517742D40291D0089276C /* APIModels.swift in Sources */ = {isa = PBXBuildFile; fileRef = 293517732D40291D0089276C /* APIModels.swift */; };
		293517762D42F2770089276C /* TestAPIButton.swift in Sources */ = {isa = PBXBuildFile; fileRef = 293517752D42F2770089276C /* TestAPIButton.swift */; };
		293C01202CFF8A12006CCB52 /* InsightsView.swift in Sources */ = {isa = PBXBuildFile; fileRef = 293C011F2CFF8A12006CCB52 /* InsightsView.swift */; };
		293C01222CFF8D20006CCB52 /* ExampleData.swift in Sources */ = {isa = PBXBuildFile; fileRef = 293C01212CFF8D20006CCB52 /* ExampleData.swift */; };
		298B04242CA5BE9D00954591 /* ResourceDetails.swift in Sources */ = {isa = PBXBuildFile; fileRef = 298B04232CA5BE9C00954591 /* ResourceDetails.swift */; };
		298B04282CAB11DA00954591 /* ResourceAssets.swift in Sources */ = {isa = PBXBuildFile; fileRef = 298B04272CAB11DA00954591 /* ResourceAssets.swift */; };
		298B042C2CB46DD900954591 /* LoaderView.swift in Sources */ = {isa = PBXBuildFile; fileRef = 298B042B2CB46DD900954591 /* LoaderView.swift */; };
		299BFBE22BDE9CCD00F533A9 /* SessionHistory.swift in Sources */ = {isa = PBXBuildFile; fileRef = 299BFBE12BDE9CCD00F533A9 /* SessionHistory.swift */; };
		299BFBE42BED6D8000F533A9 /* BreathView.swift in Sources */ = {isa = PBXBuildFile; fileRef = 299BFBE32BED6D8000F533A9 /* BreathView.swift */; };
/* End PBXBuildFile section */

/* Begin PBXContainerItemProxy section */
		29054D422B9F88C4003FA7EB /* PBXContainerItemProxy */ = {
			isa = PBXContainerItemProxy;
			containerPortal = 29054D292B9F88C2003FA7EB /* Project object */;
			proxyType = 1;
			remoteGlobalIDString = 29054D302B9F88C2003FA7EB;
			remoteInfo = SessionApp;
		};
		29054D4C2B9F88C4003FA7EB /* PBXContainerItemProxy */ = {
			isa = PBXContainerItemProxy;
			containerPortal = 29054D292B9F88C2003FA7EB /* Project object */;
			proxyType = 1;
			remoteGlobalIDString = 29054D302B9F88C2003FA7EB;
			remoteInfo = SessionApp;
		};
/* End PBXContainerItemProxy section */

/* Begin PBXFileReference section */
		2225279C2D5FA94D005870FC /* User.swift */ = {isa = PBXFileReference; lastKnownFileType = sourcecode.swift; path = User.swift; sourceTree = "<group>"; };
		223A8C872D5578F200CE9734 /* FeelingSection.swift */ = {isa = PBXFileReference; lastKnownFileType = sourcecode.swift; path = FeelingSection.swift; sourceTree = "<group>"; };
		223A8C882D5578F200CE9734 /* Item.swift */ = {isa = PBXFileReference; lastKnownFileType = sourcecode.swift; path = Item.swift; sourceTree = "<group>"; };
		223A8C8C2D55798700CE9734 /* FeelingDetailView.swift */ = {isa = PBXFileReference; lastKnownFileType = sourcecode.swift; path = FeelingDetailView.swift; sourceTree = "<group>"; };
		223A8C8D2D55798700CE9734 /* FeelingRowView.swift */ = {isa = PBXFileReference; lastKnownFileType = sourcecode.swift; path = FeelingRowView.swift; sourceTree = "<group>"; };
		223A8C8E2D55798700CE9734 /* FeelingsWheelView.swift */ = {isa = PBXFileReference; lastKnownFileType = sourcecode.swift; path = FeelingsWheelView.swift; sourceTree = "<group>"; };
		224552DD2D66888F00255063 /* GlobalUser.swift */ = {isa = PBXFileReference; lastKnownFileType = sourcecode.swift; path = GlobalUser.swift; sourceTree = "<group>"; };
		224552E92D66923100255063 /* Reminder.swift */ = {isa = PBXFileReference; lastKnownFileType = sourcecode.swift; path = Reminder.swift; sourceTree = "<group>"; };
		224552EB2D6692CA00255063 /* ReminderRow.swift */ = {isa = PBXFileReference; lastKnownFileType = sourcecode.swift; path = ReminderRow.swift; sourceTree = "<group>"; };
		224552F12D6693C600255063 /* CreateReminderView.swift */ = {isa = PBXFileReference; lastKnownFileType = sourcecode.swift; path = CreateReminderView.swift; sourceTree = "<group>"; };
		224552F22D6693C600255063 /* UpdateReminderView.swift */ = {isa = PBXFileReference; lastKnownFileType = sourcecode.swift; path = UpdateReminderView.swift; sourceTree = "<group>"; };
		2271BDFA2D5840740028A13B /* RecordingStore.swift */ = {isa = PBXFileReference; lastKnownFileType = sourcecode.swift; path = RecordingStore.swift; sourceTree = "<group>"; };
		2271BDFE2D5840C70028A13B /* SessionListView.swift */ = {isa = PBXFileReference; lastKnownFileType = sourcecode.swift; path = SessionListView.swift; sourceTree = "<group>"; };
		2271BE1C2D586B360028A13B /* SessionMeditation.swift */ = {isa = PBXFileReference; lastKnownFileType = sourcecode.swift; path = SessionMeditation.swift; sourceTree = "<group>"; };
		2271BE1E2D586E9F0028A13B /* AudioAsset.swift */ = {isa = PBXFileReference; lastKnownFileType = sourcecode.swift; path = AudioAsset.swift; sourceTree = "<group>"; };
		229CFC702D57E617002594F9 /* Expand_Journal.swift */ = {isa = PBXFileReference; lastKnownFileType = sourcecode.swift; path = Expand_Journal.swift; sourceTree = "<group>"; };
		22A9ED9C2D6E1D86009256A0 /* TermsAndConditionsView.swift */ = {isa = PBXFileReference; lastKnownFileType = sourcecode.swift; path = TermsAndConditionsView.swift; sourceTree = "<group>"; };
		22A9ED9E2D6ED878009256A0 /* PrivacyPolicyView.swift */ = {isa = PBXFileReference; lastKnownFileType = sourcecode.swift; path = PrivacyPolicyView.swift; sourceTree = "<group>"; };
		22BA58F62D5AEFD700F97579 /* AudioComponents.swift */ = {isa = PBXFileReference; lastKnownFileType = sourcecode.swift; path = AudioComponents.swift; sourceTree = "<group>"; };
		22BB02562D5B9DEE00D1C3ED /* ProfileView.swift */ = {isa = PBXFileReference; lastKnownFileType = sourcecode.swift; path = ProfileView.swift; sourceTree = "<group>"; };
		22CC6AF42D60001F00D84FC8 /* SessionEntry.swift */ = {isa = PBXFileReference; lastKnownFileType = sourcecode.swift; path = SessionEntry.swift; sourceTree = "<group>"; };
		22CC6AF62D60003400D84FC8 /* FeelingEntry.swift */ = {isa = PBXFileReference; lastKnownFileType = sourcecode.swift; path = FeelingEntry.swift; sourceTree = "<group>"; };
		22E220B72D5583BF007D9216 /* FeelingsWheelViewModel.swift */ = {isa = PBXFileReference; lastKnownFileType = sourcecode.swift; path = FeelingsWheelViewModel.swift; sourceTree = "<group>"; };
		22E220B92D558720007D9216 /* FeelingsWheelContainerView.swift */ = {isa = PBXFileReference; lastKnownFileType = sourcecode.swift; path = FeelingsWheelContainerView.swift; sourceTree = "<group>"; };
		22F6ADD82D49B6BD001669F5 /* Journal_Dream.swift */ = {isa = PBXFileReference; lastKnownFileType = sourcecode.swift; path = Journal_Dream.swift; sourceTree = "<group>"; };
		22F6ADD92D49B80E001669F5 /* AuthenticationView.swift */ = {isa = PBXFileReference; lastKnownFileType = sourcecode.swift; path = AuthenticationView.swift; sourceTree = "<group>"; };
		22F6ADDC2D49B867001669F5 /* EmailSignInView.swift */ = {isa = PBXFileReference; lastKnownFileType = sourcecode.swift; name = EmailSignInView.swift; path = SessionApp/Views/EmailSignInView.swift; sourceTree = SOURCE_ROOT; };
		22F6AE002D51DA4A001669F5 /* JournalModels.swift */ = {isa = PBXFileReference; lastKnownFileType = sourcecode.swift; path = JournalModels.swift; sourceTree = "<group>"; };
		22F6AE032D51E7E2001669F5 /* SharedComponents.swift */ = {isa = PBXFileReference; lastKnownFileType = sourcecode.swift; path = SharedComponents.swift; sourceTree = "<group>"; };
		22F6AE062D51EBD4001669F5 /* Info.plist */ = {isa = PBXFileReference; lastKnownFileType = text.plist.xml; path = Info.plist; sourceTree = "<group>"; };
		22F7785C2D55430D00ADE344 /* Journal_Dream.swift */ = {isa = PBXFileReference; lastKnownFileType = sourcecode.swift; name = Journal_Dream.swift; path = SessionApp/Views/Journal_Dream.swift; sourceTree = "<group>"; };
		29054D312B9F88C2003FA7EB /* SessionApp.app */ = {isa = PBXFileReference; explicitFileType = wrapper.application; includeInIndex = 0; path = SessionApp.app; sourceTree = BUILT_PRODUCTS_DIR; };
		29054D342B9F88C2003FA7EB /* SessionAppApp.swift */ = {isa = PBXFileReference; lastKnownFileType = sourcecode.swift; path = SessionAppApp.swift; sourceTree = "<group>"; };
		29054D362B9F88C2003FA7EB /* ContentView.swift */ = {isa = PBXFileReference; lastKnownFileType = sourcecode.swift; path = ContentView.swift; sourceTree = "<group>"; };
		29054D382B9F88C4003FA7EB /* Assets.xcassets */ = {isa = PBXFileReference; lastKnownFileType = folder.assetcatalog; path = Assets.xcassets; sourceTree = "<group>"; };
		29054D3B2B9F88C4003FA7EB /* Preview Assets.xcassets */ = {isa = PBXFileReference; lastKnownFileType = folder.assetcatalog; path = "Preview Assets.xcassets"; sourceTree = "<group>"; };
		29054D412B9F88C4003FA7EB /* SessionAppTests.xctest */ = {isa = PBXFileReference; explicitFileType = wrapper.cfbundle; includeInIndex = 0; path = SessionAppTests.xctest; sourceTree = BUILT_PRODUCTS_DIR; };
		29054D452B9F88C4003FA7EB /* SessionAppTests.swift */ = {isa = PBXFileReference; lastKnownFileType = sourcecode.swift; path = SessionAppTests.swift; sourceTree = "<group>"; };
		29054D4B2B9F88C4003FA7EB /* SessionAppUITests.xctest */ = {isa = PBXFileReference; explicitFileType = wrapper.cfbundle; includeInIndex = 0; path = SessionAppUITests.xctest; sourceTree = BUILT_PRODUCTS_DIR; };
		29054D4F2B9F88C4003FA7EB /* SessionAppUITests.swift */ = {isa = PBXFileReference; lastKnownFileType = sourcecode.swift; path = SessionAppUITests.swift; sourceTree = "<group>"; };
		29054D512B9F88C4003FA7EB /* SessionAppUITestsLaunchTests.swift */ = {isa = PBXFileReference; lastKnownFileType = sourcecode.swift; path = SessionAppUITestsLaunchTests.swift; sourceTree = "<group>"; };
		29054D5F2BA4D62F003FA7EB /* ViewA.swift */ = {isa = PBXFileReference; lastKnownFileType = sourcecode.swift; path = ViewA.swift; sourceTree = "<group>"; };
		29054D612BA4D651003FA7EB /* ViewB.swift */ = {isa = PBXFileReference; lastKnownFileType = sourcecode.swift; path = ViewB.swift; sourceTree = "<group>"; };
		29054D632BA4D661003FA7EB /* ViewC.swift */ = {isa = PBXFileReference; lastKnownFileType = sourcecode.swift; path = ViewC.swift; sourceTree = "<group>"; };
		29054D672BAE106B003FA7EB /* JournalView.swift */ = {isa = PBXFileReference; lastKnownFileType = sourcecode.swift; path = JournalView.swift; sourceTree = "<group>"; };
		29054D692BAE10A3003FA7EB /* FeelingsView.swift */ = {isa = PBXFileReference; lastKnownFileType = sourcecode.swift; path = FeelingsView.swift; sourceTree = "<group>"; };
		29054D6D2BBDC41A003FA7EB /* SplashScreenView.swift */ = {isa = PBXFileReference; lastKnownFileType = sourcecode.swift; path = SplashScreenView.swift; sourceTree = "<group>"; };
		29054D6F2BBDE0A6003FA7EB /* CommunityView.swift */ = {isa = PBXFileReference; lastKnownFileType = sourcecode.swift; path = CommunityView.swift; sourceTree = "<group>"; };
		29054D732BBDE517003FA7EB /* APIClient.swift */ = {isa = PBXFileReference; lastKnownFileType = sourcecode.swift; path = APIClient.swift; sourceTree = "<group>"; };
		29054D752BC1E84E003FA7EB /* QueryView.swift */ = {isa = PBXFileReference; lastKnownFileType = sourcecode.swift; path = QueryView.swift; sourceTree = "<group>"; };
		29054D772BC44510003FA7EB /* NewsView.swift */ = {isa = PBXFileReference; lastKnownFileType = sourcecode.swift; path = NewsView.swift; sourceTree = "<group>"; };
		29054D7B2BC8531F003FA7EB /* JournalEntry.swift */ = {isa = PBXFileReference; lastKnownFileType = sourcecode.swift; path = JournalEntry.swift; sourceTree = "<group>"; };
		2928AC1C2CC81A3E00457A86 /* FullPlayerView.swift */ = {isa = PBXFileReference; lastKnownFileType = sourcecode.swift; path = FullPlayerView.swift; sourceTree = "<group>"; };
		2928AC202CC8261600457A86 /* ImagePickerView.swift */ = {isa = PBXFileReference; lastKnownFileType = sourcecode.swift; path = ImagePickerView.swift; sourceTree = "<group>"; };
		2928AC222CD15A5500457A86 /* AnimationLearner.swift */ = {isa = PBXFileReference; lastKnownFileType = sourcecode.swift; path = AnimationLearner.swift; sourceTree = "<group>"; };
		2928AC242CED16D700457A86 /* BodyImage.swift */ = {isa = PBXFileReference; lastKnownFileType = sourcecode.swift; path = BodyImage.swift; sourceTree = "<group>"; };
		293517732D40291D0089276C /* APIModels.swift */ = {isa = PBXFileReference; lastKnownFileType = sourcecode.swift; path = APIModels.swift; sourceTree = "<group>"; };
		293517752D42F2770089276C /* TestAPIButton.swift */ = {isa = PBXFileReference; lastKnownFileType = sourcecode.swift; path = TestAPIButton.swift; sourceTree = "<group>"; };
		293C011F2CFF8A12006CCB52 /* InsightsView.swift */ = {isa = PBXFileReference; lastKnownFileType = sourcecode.swift; path = InsightsView.swift; sourceTree = "<group>"; };
		293C01212CFF8D20006CCB52 /* ExampleData.swift */ = {isa = PBXFileReference; lastKnownFileType = sourcecode.swift; path = ExampleData.swift; sourceTree = "<group>"; };
		298B04232CA5BE9C00954591 /* ResourceDetails.swift */ = {isa = PBXFileReference; lastKnownFileType = sourcecode.swift; path = ResourceDetails.swift; sourceTree = "<group>"; };
		298B04272CAB11DA00954591 /* ResourceAssets.swift */ = {isa = PBXFileReference; lastKnownFileType = sourcecode.swift; path = ResourceAssets.swift; sourceTree = "<group>"; };
		298B042B2CB46DD900954591 /* LoaderView.swift */ = {isa = PBXFileReference; lastKnownFileType = sourcecode.swift; path = LoaderView.swift; sourceTree = "<group>"; };
		299BFBE12BDE9CCD00F533A9 /* SessionHistory.swift */ = {isa = PBXFileReference; lastKnownFileType = sourcecode.swift; path = SessionHistory.swift; sourceTree = "<group>"; };
		299BFBE32BED6D8000F533A9 /* BreathView.swift */ = {isa = PBXFileReference; lastKnownFileType = sourcecode.swift; path = BreathView.swift; sourceTree = "<group>"; };
/* End PBXFileReference section */

/* Begin PBXFileSystemSynchronizedRootGroup section */
		2271BDF32D583B0E0028A13B /* Resources */ = {isa = PBXFileSystemSynchronizedRootGroup; explicitFileTypes = {}; explicitFolders = (); path = Resources; sourceTree = "<group>"; };
		22F6ADE22D517FDA001669F5 /* Fonts */ = {isa = PBXFileSystemSynchronizedRootGroup; explicitFileTypes = {}; explicitFolders = (); path = Fonts; sourceTree = "<group>"; };
		22F6ADFE2D51C8EA001669F5 /* Extensions */ = {isa = PBXFileSystemSynchronizedRootGroup; explicitFileTypes = {}; explicitFolders = (); path = Extensions; sourceTree = "<group>"; };
/* End PBXFileSystemSynchronizedRootGroup section */

/* Begin PBXFrameworksBuildPhase section */
		29054D2E2B9F88C2003FA7EB /* Frameworks */ = {
			isa = PBXFrameworksBuildPhase;
			buildActionMask = 2147483647;
			files = (
				2262C6012D5722BA005B5B58 /* GoogleSignInSwift in Frameworks */,
				29054D7A2BC44724003FA7EB /* CachedAsyncImage in Frameworks */,
				2262C5FF2D5722BA005B5B58 /* GoogleSignIn in Frameworks */,
			);
			runOnlyForDeploymentPostprocessing = 0;
		};
		29054D3E2B9F88C4003FA7EB /* Frameworks */ = {
			isa = PBXFrameworksBuildPhase;
			buildActionMask = 2147483647;
			files = (
			);
			runOnlyForDeploymentPostprocessing = 0;
		};
		29054D482B9F88C4003FA7EB /* Frameworks */ = {
			isa = PBXFrameworksBuildPhase;
			buildActionMask = 2147483647;
			files = (
			);
			runOnlyForDeploymentPostprocessing = 0;
		};
/* End PBXFrameworksBuildPhase section */

/* Begin PBXGroup section */
		223A8C852D55786700CE9734 /* Features */ = {
			isa = PBXGroup;
			children = (
				223A8C922D5579A500CE9734 /* ViewModels */,
				223A8C8B2D55790400CE9734 /* Views */,
				223A8C862D5578A200CE9734 /* FeelingsWheel */,
			);
			path = Features;
			sourceTree = "<group>";
		};
		223A8C862D5578A200CE9734 /* FeelingsWheel */ = {
			isa = PBXGroup;
			children = (
				223A8C872D5578F200CE9734 /* FeelingSection.swift */,
				223A8C882D5578F200CE9734 /* Item.swift */,
			);
			path = FeelingsWheel;
			sourceTree = "<group>";
		};
		223A8C8B2D55790400CE9734 /* Views */ = {
			isa = PBXGroup;
			children = (
				22E220B92D558720007D9216 /* FeelingsWheelContainerView.swift */,
				223A8C8C2D55798700CE9734 /* FeelingDetailView.swift */,
				223A8C8D2D55798700CE9734 /* FeelingRowView.swift */,
				223A8C8E2D55798700CE9734 /* FeelingsWheelView.swift */,
			);
			path = Views;
			sourceTree = "<group>";
		};
		223A8C922D5579A500CE9734 /* ViewModels */ = {
			isa = PBXGroup;
			children = (
				29054D5F2BA4D62F003FA7EB /* ViewA.swift */,
				22E220B72D5583BF007D9216 /* FeelingsWheelViewModel.swift */,
			);
			path = ViewModels;
			sourceTree = "<group>";
		};
		22BA58F72D5AEFD700F97579 /* Components */ = {
			isa = PBXGroup;
			children = (
				22BA58F62D5AEFD700F97579 /* AudioComponents.swift */,
			);
			path = Components;
			sourceTree = "<group>";
		};
		22F6ADDA2D49B80E001669F5 /* Authentication */ = {
			isa = PBXGroup;
			children = (
				22F6ADDC2D49B867001669F5 /* EmailSignInView.swift */,
				22F6ADD92D49B80E001669F5 /* AuthenticationView.swift */,
			);
			path = Authentication;
			sourceTree = "<group>";
		};
		29054D282B9F88C2003FA7EB = {
			isa = PBXGroup;
			children = (
				22F7785C2D55430D00ADE344 /* Journal_Dream.swift */,
				29054D332B9F88C2003FA7EB /* SessionApp */,
				29054D442B9F88C4003FA7EB /* SessionAppTests */,
				29054D4E2B9F88C4003FA7EB /* SessionAppUITests */,
				29054D322B9F88C2003FA7EB /* Products */,
			);
			sourceTree = "<group>";
		};
		29054D322B9F88C2003FA7EB /* Products */ = {
			isa = PBXGroup;
			children = (
				29054D312B9F88C2003FA7EB /* SessionApp.app */,
				29054D412B9F88C4003FA7EB /* SessionAppTests.xctest */,
				29054D4B2B9F88C4003FA7EB /* SessionAppUITests.xctest */,
			);
			name = Products;
			sourceTree = "<group>";
		};
		29054D332B9F88C2003FA7EB /* SessionApp */ = {
			isa = PBXGroup;
			children = (
				2271BDF32D583B0E0028A13B /* Resources */,
				22F6AE062D51EBD4001669F5 /* Info.plist */,
				22F6ADE22D517FDA001669F5 /* Fonts */,
				293517722D4029000089276C /* Models */,
				29054D712BBDE3E3003FA7EB /* API */,
				29054D5E2BA4D5E5003FA7EB /* Views */,
				29054D342B9F88C2003FA7EB /* SessionAppApp.swift */,
				29054D362B9F88C2003FA7EB /* ContentView.swift */,
				22BB02562D5B9DEE00D1C3ED /* ProfileView.swift */,
				29054D382B9F88C4003FA7EB /* Assets.xcassets */,
				29054D3A2B9F88C4003FA7EB /* Preview Content */,
			);
			path = SessionApp;
			sourceTree = "<group>";
		};
		29054D3A2B9F88C4003FA7EB /* Preview Content */ = {
			isa = PBXGroup;
			children = (
				29054D3B2B9F88C4003FA7EB /* Preview Assets.xcassets */,
			);
			path = "Preview Content";
			sourceTree = "<group>";
		};
		29054D442B9F88C4003FA7EB /* SessionAppTests */ = {
			isa = PBXGroup;
			children = (
				29054D452B9F88C4003FA7EB /* SessionAppTests.swift */,
			);
			path = SessionAppTests;
			sourceTree = "<group>";
		};
		29054D4E2B9F88C4003FA7EB /* SessionAppUITests */ = {
			isa = PBXGroup;
			children = (
				29054D4F2B9F88C4003FA7EB /* SessionAppUITests.swift */,
				29054D512B9F88C4003FA7EB /* SessionAppUITestsLaunchTests.swift */,
			);
			path = SessionAppUITests;
			sourceTree = "<group>";
		};
		29054D5E2BA4D5E5003FA7EB /* Views */ = {
			isa = PBXGroup;
			children = (
				22A9ED9E2D6ED878009256A0 /* PrivacyPolicyView.swift */,
				22A9ED9C2D6E1D86009256A0 /* TermsAndConditionsView.swift */,
				224552F12D6693C600255063 /* CreateReminderView.swift */,
				224552F22D6693C600255063 /* UpdateReminderView.swift */,
				224552EB2D6692CA00255063 /* ReminderRow.swift */,
				2271BDFE2D5840C70028A13B /* SessionListView.swift */,
				2271BE1C2D586B360028A13B /* SessionMeditation.swift */,
				22F6ADD82D49B6BD001669F5 /* Journal_Dream.swift */,
				223A8C852D55786700CE9734 /* Features */,
				22F6ADDA2D49B80E001669F5 /* Authentication */,
				22F6ADFE2D51C8EA001669F5 /* Extensions */,
				29054D612BA4D651003FA7EB /* ViewB.swift */,
				29054D632BA4D661003FA7EB /* ViewC.swift */,
				29054D672BAE106B003FA7EB /* JournalView.swift */,
				29054D692BAE10A3003FA7EB /* FeelingsView.swift */,
				29054D6D2BBDC41A003FA7EB /* SplashScreenView.swift */,
				29054D6F2BBDE0A6003FA7EB /* CommunityView.swift */,
				29054D752BC1E84E003FA7EB /* QueryView.swift */,
				22BA58F72D5AEFD700F97579 /* Components */,
				22F6AE032D51E7E2001669F5 /* SharedComponents.swift */,
				29054D772BC44510003FA7EB /* NewsView.swift */,
				299BFBE12BDE9CCD00F533A9 /* SessionHistory.swift */,
				299BFBE32BED6D8000F533A9 /* BreathView.swift */,
				298B04232CA5BE9C00954591 /* ResourceDetails.swift */,
				298B04272CAB11DA00954591 /* ResourceAssets.swift */,
				298B042B2CB46DD900954591 /* LoaderView.swift */,
				229CFC702D57E617002594F9 /* Expand_Journal.swift */,
				2928AC1C2CC81A3E00457A86 /* FullPlayerView.swift */,
				2928AC202CC8261600457A86 /* ImagePickerView.swift */,
				2928AC222CD15A5500457A86 /* AnimationLearner.swift */,
				2928AC242CED16D700457A86 /* BodyImage.swift */,
				293C011F2CFF8A12006CCB52 /* InsightsView.swift */,
				293C01212CFF8D20006CCB52 /* ExampleData.swift */,
				293517752D42F2770089276C /* TestAPIButton.swift */,
			);
			path = Views;
			sourceTree = "<group>";
		};
		29054D712BBDE3E3003FA7EB /* API */ = {
			isa = PBXGroup;
			children = (
				29054D732BBDE517003FA7EB /* APIClient.swift */,
			);
			path = API;
			sourceTree = "<group>";
		};
		293517722D4029000089276C /* Models */ = {
			isa = PBXGroup;
			children = (
				224552E92D66923100255063 /* Reminder.swift */,
				224552DD2D66888F00255063 /* GlobalUser.swift */,
				22CC6AF62D60003400D84FC8 /* FeelingEntry.swift */,
				22CC6AF42D60001F00D84FC8 /* SessionEntry.swift */,
				2225279C2D5FA94D005870FC /* User.swift */,
				2271BE1E2D586E9F0028A13B /* AudioAsset.swift */,
				2271BDFA2D5840740028A13B /* RecordingStore.swift */,
				293517732D40291D0089276C /* APIModels.swift */,
				29054D7B2BC8531F003FA7EB /* JournalEntry.swift */,
				22F6AE002D51DA4A001669F5 /* JournalModels.swift */,
			);
			path = Models;
			sourceTree = "<group>";
		};
/* End PBXGroup section */

/* Begin PBXNativeTarget section */
		29054D302B9F88C2003FA7EB /* SessionApp */ = {
			isa = PBXNativeTarget;
			buildConfigurationList = 29054D552B9F88C4003FA7EB /* Build configuration list for PBXNativeTarget "SessionApp" */;
			buildPhases = (
				29054D2D2B9F88C2003FA7EB /* Sources */,
				29054D2E2B9F88C2003FA7EB /* Frameworks */,
				29054D2F2B9F88C2003FA7EB /* Resources */,
			);
			buildRules = (
			);
			dependencies = (
			);
			fileSystemSynchronizedGroups = (
				2271BDF32D583B0E0028A13B /* Resources */,
				22F6ADE22D517FDA001669F5 /* Fonts */,
				22F6ADFE2D51C8EA001669F5 /* Extensions */,
			);
			name = SessionApp;
			packageProductDependencies = (
				29054D792BC44724003FA7EB /* CachedAsyncImage */,
				2262C5FE2D5722BA005B5B58 /* GoogleSignIn */,
				2262C6002D5722BA005B5B58 /* GoogleSignInSwift */,
			);
			productName = SessionApp;
			productReference = 29054D312B9F88C2003FA7EB /* SessionApp.app */;
			productType = "com.apple.product-type.application";
		};
		29054D402B9F88C4003FA7EB /* SessionAppTests */ = {
			isa = PBXNativeTarget;
			buildConfigurationList = 29054D582B9F88C4003FA7EB /* Build configuration list for PBXNativeTarget "SessionAppTests" */;
			buildPhases = (
				29054D3D2B9F88C4003FA7EB /* Sources */,
				29054D3E2B9F88C4003FA7EB /* Frameworks */,
				29054D3F2B9F88C4003FA7EB /* Resources */,
			);
			buildRules = (
			);
			dependencies = (
				29054D432B9F88C4003FA7EB /* PBXTargetDependency */,
			);
			name = SessionAppTests;
			productName = SessionAppTests;
			productReference = 29054D412B9F88C4003FA7EB /* SessionAppTests.xctest */;
			productType = "com.apple.product-type.bundle.unit-test";
		};
		29054D4A2B9F88C4003FA7EB /* SessionAppUITests */ = {
			isa = PBXNativeTarget;
			buildConfigurationList = 29054D5B2B9F88C4003FA7EB /* Build configuration list for PBXNativeTarget "SessionAppUITests" */;
			buildPhases = (
				29054D472B9F88C4003FA7EB /* Sources */,
				29054D482B9F88C4003FA7EB /* Frameworks */,
				29054D492B9F88C4003FA7EB /* Resources */,
			);
			buildRules = (
			);
			dependencies = (
				29054D4D2B9F88C4003FA7EB /* PBXTargetDependency */,
			);
			name = SessionAppUITests;
			productName = SessionAppUITests;
			productReference = 29054D4B2B9F88C4003FA7EB /* SessionAppUITests.xctest */;
			productType = "com.apple.product-type.bundle.ui-testing";
		};
/* End PBXNativeTarget section */

/* Begin PBXProject section */
		29054D292B9F88C2003FA7EB /* Project object */ = {
			isa = PBXProject;
			attributes = {
				BuildIndependentTargetsInParallel = 1;
				LastSwiftUpdateCheck = 1530;
				LastUpgradeCheck = 1620;
				TargetAttributes = {
					29054D302B9F88C2003FA7EB = {
						CreatedOnToolsVersion = 15.3;
					};
					29054D402B9F88C4003FA7EB = {
						CreatedOnToolsVersion = 15.3;
						TestTargetID = 29054D302B9F88C2003FA7EB;
					};
					29054D4A2B9F88C4003FA7EB = {
						CreatedOnToolsVersion = 15.3;
						TestTargetID = 29054D302B9F88C2003FA7EB;
					};
				};
			};
			buildConfigurationList = 29054D2C2B9F88C2003FA7EB /* Build configuration list for PBXProject "SessionApp" */;
			compatibilityVersion = "Xcode 14.0";
			developmentRegion = en;
			hasScannedForEncodings = 0;
			knownRegions = (
				en,
				Base,
			);
			mainGroup = 29054D282B9F88C2003FA7EB;
			packageReferences = (
				29054D722BBDE4CE003FA7EB /* XCRemoteSwiftPackageReference "swiftui-cached-async-image" */,
				2262C5FD2D5722BA005B5B58 /* XCRemoteSwiftPackageReference "GoogleSignIn-iOS" */,
			);
			productRefGroup = 29054D322B9F88C2003FA7EB /* Products */;
			projectDirPath = "";
			projectRoot = "";
			targets = (
				29054D302B9F88C2003FA7EB /* SessionApp */,
				29054D402B9F88C4003FA7EB /* SessionAppTests */,
				29054D4A2B9F88C4003FA7EB /* SessionAppUITests */,
			);
		};
/* End PBXProject section */

/* Begin PBXResourcesBuildPhase section */
		29054D2F2B9F88C2003FA7EB /* Resources */ = {
			isa = PBXResourcesBuildPhase;
			buildActionMask = 2147483647;
			files = (
				29054D3C2B9F88C4003FA7EB /* Preview Assets.xcassets in Resources */,
				29054D392B9F88C4003FA7EB /* Assets.xcassets in Resources */,
			);
			runOnlyForDeploymentPostprocessing = 0;
		};
		29054D3F2B9F88C4003FA7EB /* Resources */ = {
			isa = PBXResourcesBuildPhase;
			buildActionMask = 2147483647;
			files = (
			);
			runOnlyForDeploymentPostprocessing = 0;
		};
		29054D492B9F88C4003FA7EB /* Resources */ = {
			isa = PBXResourcesBuildPhase;
			buildActionMask = 2147483647;
			files = (
			);
			runOnlyForDeploymentPostprocessing = 0;
		};
/* End PBXResourcesBuildPhase section */

/* Begin PBXSourcesBuildPhase section */
		29054D2D2B9F88C2003FA7EB /* Sources */ = {
			isa = PBXSourcesBuildPhase;
			buildActionMask = 2147483647;
			files = (
				224552EC2D6692CA00255063 /* ReminderRow.swift in Sources */,
				22F6ADFF2D51CBAC001669F5 /* Journal_Dream.swift in Sources */,
				22F6AE042D51E7E2001669F5 /* SharedComponents.swift in Sources */,
				29054D682BAE106B003FA7EB /* JournalView.swift in Sources */,
				22F6AE012D51DA79001669F5 /* JournalModels.swift in Sources */,
				22BA58F82D5AEFD700F97579 /* AudioComponents.swift in Sources */,
				2271BDFF2D5840C70028A13B /* SessionListView.swift in Sources */,
				298B04242CA5BE9D00954591 /* ResourceDetails.swift in Sources */,
				224552DE2D66888F00255063 /* GlobalUser.swift in Sources */,
				293C01222CFF8D20006CCB52 /* ExampleData.swift in Sources */,
				22F7785B2D553EF800ADE344 /* ContentView.swift in Sources */,
				298B042C2CB46DD900954591 /* LoaderView.swift in Sources */,
				293517742D40291D0089276C /* APIModels.swift in Sources */,
				29054D6E2BBDC41A003FA7EB /* SplashScreenView.swift in Sources */,
				2928AC252CED16D700457A86 /* BodyImage.swift in Sources */,
				2928AC1D2CC81A3E00457A86 /* FullPlayerView.swift in Sources */,
				29054D602BA4D62F003FA7EB /* ViewA.swift in Sources */,
				2271BE1D2D586B360028A13B /* SessionMeditation.swift in Sources */,
				2271BDFB2D5840740028A13B /* RecordingStore.swift in Sources */,
				29054D642BA4D661003FA7EB /* ViewC.swift in Sources */,
				29054D742BBDE517003FA7EB /* APIClient.swift in Sources */,
				224552F32D6693C600255063 /* CreateReminderView.swift in Sources */,
				224552F42D6693C600255063 /* UpdateReminderView.swift in Sources */,
				22A9ED9D2D6E1D86009256A0 /* TermsAndConditionsView.swift in Sources */,
				223A8C892D5578F200CE9734 /* FeelingSection.swift in Sources */,
				223A8C8A2D5578F200CE9734 /* Item.swift in Sources */,
				224552EA2D66923100255063 /* Reminder.swift in Sources */,
				22E220BA2D558729007D9216 /* FeelingsWheelContainerView.swift in Sources */,
				29054D6A2BAE10A3003FA7EB /* FeelingsView.swift in Sources */,
				2928AC232CD15A5500457A86 /* AnimationLearner.swift in Sources */,
				299BFBE22BDE9CCD00F533A9 /* SessionHistory.swift in Sources */,
				29054D782BC44510003FA7EB /* NewsView.swift in Sources */,
				29054D762BC1E84E003FA7EB /* QueryView.swift in Sources */,
				298B04282CAB11DA00954591 /* ResourceAssets.swift in Sources */,
				299BFBE42BED6D8000F533A9 /* BreathView.swift in Sources */,
				22BB02572D5B9DEE00D1C3ED /* ProfileView.swift in Sources */,
				293C01202CFF8A12006CCB52 /* InsightsView.swift in Sources */,
				22CC6AF72D60003400D84FC8 /* FeelingEntry.swift in Sources */,
				29054D352B9F88C2003FA7EB /* SessionAppApp.swift in Sources */,
				22F6ADDB2D49B80E001669F5 /* AuthenticationView.swift in Sources */,
				22E220B82D5583CF007D9216 /* FeelingsWheelViewModel.swift in Sources */,
				22F6ADDD2D49B867001669F5 /* EmailSignInView.swift in Sources */,
				22A9ED9F2D6ED878009256A0 /* PrivacyPolicyView.swift in Sources */,
				2928AC212CC8261600457A86 /* ImagePickerView.swift in Sources */,
				22CC6AF52D60001F00D84FC8 /* SessionEntry.swift in Sources */,
				2271BE1F2D586E9F0028A13B /* AudioAsset.swift in Sources */,
				29054D702BBDE0A6003FA7EB /* CommunityView.swift in Sources */,
				2225279D2D5FA94D005870FC /* User.swift in Sources */,
				293517762D42F2770089276C /* TestAPIButton.swift in Sources */,
				29054D7C2BC8531F003FA7EB /* JournalEntry.swift in Sources */,
				223A8C8F2D55798700CE9734 /* FeelingDetailView.swift in Sources */,
				223A8C902D55798700CE9734 /* FeelingRowView.swift in Sources */,
				223A8C912D55798700CE9734 /* FeelingsWheelView.swift in Sources */,
				229CFC712D57E617002594F9 /* Expand_Journal.swift in Sources */,
				29054D622BA4D651003FA7EB /* ViewB.swift in Sources */,
			);
			runOnlyForDeploymentPostprocessing = 0;
		};
		29054D3D2B9F88C4003FA7EB /* Sources */ = {
			isa = PBXSourcesBuildPhase;
			buildActionMask = 2147483647;
			files = (
				29054D462B9F88C4003FA7EB /* SessionAppTests.swift in Sources */,
			);
			runOnlyForDeploymentPostprocessing = 0;
		};
		29054D472B9F88C4003FA7EB /* Sources */ = {
			isa = PBXSourcesBuildPhase;
			buildActionMask = 2147483647;
			files = (
				29054D502B9F88C4003FA7EB /* SessionAppUITests.swift in Sources */,
				29054D522B9F88C4003FA7EB /* SessionAppUITestsLaunchTests.swift in Sources */,
			);
			runOnlyForDeploymentPostprocessing = 0;
		};
/* End PBXSourcesBuildPhase section */

/* Begin PBXTargetDependency section */
		29054D432B9F88C4003FA7EB /* PBXTargetDependency */ = {
			isa = PBXTargetDependency;
			target = 29054D302B9F88C2003FA7EB /* SessionApp */;
			targetProxy = 29054D422B9F88C4003FA7EB /* PBXContainerItemProxy */;
		};
		29054D4D2B9F88C4003FA7EB /* PBXTargetDependency */ = {
			isa = PBXTargetDependency;
			target = 29054D302B9F88C2003FA7EB /* SessionApp */;
			targetProxy = 29054D4C2B9F88C4003FA7EB /* PBXContainerItemProxy */;
		};
/* End PBXTargetDependency section */

/* Begin XCBuildConfiguration section */
		29054D532B9F88C4003FA7EB /* Debug */ = {
			isa = XCBuildConfiguration;
			buildSettings = {
				ALWAYS_SEARCH_USER_PATHS = NO;
				ASSETCATALOG_COMPILER_GENERATE_SWIFT_ASSET_SYMBOL_EXTENSIONS = YES;
				CLANG_ANALYZER_NONNULL = YES;
				CLANG_ANALYZER_NUMBER_OBJECT_CONVERSION = YES_AGGRESSIVE;
				CLANG_CXX_LANGUAGE_STANDARD = "gnu++20";
				CLANG_ENABLE_MODULES = YES;
				CLANG_ENABLE_OBJC_ARC = YES;
				CLANG_ENABLE_OBJC_WEAK = YES;
				CLANG_WARN_BLOCK_CAPTURE_AUTORELEASING = YES;
				CLANG_WARN_BOOL_CONVERSION = YES;
				CLANG_WARN_COMMA = YES;
				CLANG_WARN_CONSTANT_CONVERSION = YES;
				CLANG_WARN_DEPRECATED_OBJC_IMPLEMENTATIONS = YES;
				CLANG_WARN_DIRECT_OBJC_ISA_USAGE = YES_ERROR;
				CLANG_WARN_DOCUMENTATION_COMMENTS = YES;
				CLANG_WARN_EMPTY_BODY = YES;
				CLANG_WARN_ENUM_CONVERSION = YES;
				CLANG_WARN_INFINITE_RECURSION = YES;
				CLANG_WARN_INT_CONVERSION = YES;
				CLANG_WARN_NON_LITERAL_NULL_CONVERSION = YES;
				CLANG_WARN_OBJC_IMPLICIT_RETAIN_SELF = YES;
				CLANG_WARN_OBJC_LITERAL_CONVERSION = YES;
				CLANG_WARN_OBJC_ROOT_CLASS = YES_ERROR;
				CLANG_WARN_QUOTED_INCLUDE_IN_FRAMEWORK_HEADER = YES;
				CLANG_WARN_RANGE_LOOP_ANALYSIS = YES;
				CLANG_WARN_STRICT_PROTOTYPES = YES;
				CLANG_WARN_SUSPICIOUS_MOVE = YES;
				CLANG_WARN_UNGUARDED_AVAILABILITY = YES_AGGRESSIVE;
				CLANG_WARN_UNREACHABLE_CODE = YES;
				CLANG_WARN__DUPLICATE_METHOD_MATCH = YES;
				COPY_PHASE_STRIP = NO;
				DEBUG_INFORMATION_FORMAT = dwarf;
				ENABLE_STRICT_OBJC_MSGSEND = YES;
				ENABLE_TESTABILITY = YES;
				ENABLE_USER_SCRIPT_SANDBOXING = YES;
				GCC_C_LANGUAGE_STANDARD = gnu17;
				GCC_DYNAMIC_NO_PIC = NO;
				GCC_NO_COMMON_BLOCKS = YES;
				GCC_OPTIMIZATION_LEVEL = 0;
				GCC_PREPROCESSOR_DEFINITIONS = (
					"DEBUG=1",
					"$(inherited)",
				);
				GCC_WARN_64_TO_32_BIT_CONVERSION = YES;
				GCC_WARN_ABOUT_RETURN_TYPE = YES_ERROR;
				GCC_WARN_UNDECLARED_SELECTOR = YES;
				GCC_WARN_UNINITIALIZED_AUTOS = YES_AGGRESSIVE;
				GCC_WARN_UNUSED_FUNCTION = YES;
				GCC_WARN_UNUSED_VARIABLE = YES;
				"INFOPLIST_KEY_CFBundleDisplayName[sdk=*]" = "";
				IPHONEOS_DEPLOYMENT_TARGET = 17.4;
				LOCALIZATION_PREFERS_STRING_CATALOGS = YES;
				MTL_ENABLE_DEBUG_INFO = INCLUDE_SOURCE;
				MTL_FAST_MATH = YES;
				ONLY_ACTIVE_ARCH = YES;
				SDKROOT = iphoneos;
				SWIFT_ACTIVE_COMPILATION_CONDITIONS = "DEBUG $(inherited)";
				SWIFT_OPTIMIZATION_LEVEL = "-Onone";
				SWIFT_VERSION = 5.0;
			};
			name = Debug;
		};
		29054D542B9F88C4003FA7EB /* Release */ = {
			isa = XCBuildConfiguration;
			buildSettings = {
				ALWAYS_SEARCH_USER_PATHS = NO;
				ASSETCATALOG_COMPILER_GENERATE_SWIFT_ASSET_SYMBOL_EXTENSIONS = YES;
				CLANG_ANALYZER_NONNULL = YES;
				CLANG_ANALYZER_NUMBER_OBJECT_CONVERSION = YES_AGGRESSIVE;
				CLANG_CXX_LANGUAGE_STANDARD = "gnu++20";
				CLANG_ENABLE_MODULES = YES;
				CLANG_ENABLE_OBJC_ARC = YES;
				CLANG_ENABLE_OBJC_WEAK = YES;
				CLANG_WARN_BLOCK_CAPTURE_AUTORELEASING = YES;
				CLANG_WARN_BOOL_CONVERSION = YES;
				CLANG_WARN_COMMA = YES;
				CLANG_WARN_CONSTANT_CONVERSION = YES;
				CLANG_WARN_DEPRECATED_OBJC_IMPLEMENTATIONS = YES;
				CLANG_WARN_DIRECT_OBJC_ISA_USAGE = YES_ERROR;
				CLANG_WARN_DOCUMENTATION_COMMENTS = YES;
				CLANG_WARN_EMPTY_BODY = YES;
				CLANG_WARN_ENUM_CONVERSION = YES;
				CLANG_WARN_INFINITE_RECURSION = YES;
				CLANG_WARN_INT_CONVERSION = YES;
				CLANG_WARN_NON_LITERAL_NULL_CONVERSION = YES;
				CLANG_WARN_OBJC_IMPLICIT_RETAIN_SELF = YES;
				CLANG_WARN_OBJC_LITERAL_CONVERSION = YES;
				CLANG_WARN_OBJC_ROOT_CLASS = YES_ERROR;
				CLANG_WARN_QUOTED_INCLUDE_IN_FRAMEWORK_HEADER = YES;
				CLANG_WARN_RANGE_LOOP_ANALYSIS = YES;
				CLANG_WARN_STRICT_PROTOTYPES = YES;
				CLANG_WARN_SUSPICIOUS_MOVE = YES;
				CLANG_WARN_UNGUARDED_AVAILABILITY = YES_AGGRESSIVE;
				CLANG_WARN_UNREACHABLE_CODE = YES;
				CLANG_WARN__DUPLICATE_METHOD_MATCH = YES;
				COPY_PHASE_STRIP = NO;
				DEBUG_INFORMATION_FORMAT = "dwarf-with-dsym";
				ENABLE_NS_ASSERTIONS = NO;
				ENABLE_STRICT_OBJC_MSGSEND = YES;
				ENABLE_USER_SCRIPT_SANDBOXING = YES;
				GCC_C_LANGUAGE_STANDARD = gnu17;
				GCC_NO_COMMON_BLOCKS = YES;
				GCC_WARN_64_TO_32_BIT_CONVERSION = YES;
				GCC_WARN_ABOUT_RETURN_TYPE = YES_ERROR;
				GCC_WARN_UNDECLARED_SELECTOR = YES;
				GCC_WARN_UNINITIALIZED_AUTOS = YES_AGGRESSIVE;
				GCC_WARN_UNUSED_FUNCTION = YES;
				GCC_WARN_UNUSED_VARIABLE = YES;
				IPHONEOS_DEPLOYMENT_TARGET = 17.4;
				LOCALIZATION_PREFERS_STRING_CATALOGS = YES;
				MTL_ENABLE_DEBUG_INFO = NO;
				MTL_FAST_MATH = YES;
				ONLY_ACTIVE_ARCH = YES;
				SDKROOT = iphoneos;
				SWIFT_COMPILATION_MODE = wholemodule;
				SWIFT_OPTIMIZATION_LEVEL = "-Onone";
				SWIFT_VERSION = 5.0;
				VALIDATE_PRODUCT = YES;
			};
			name = Release;
		};
		29054D562B9F88C4003FA7EB /* Debug */ = {
			isa = XCBuildConfiguration;
			buildSettings = {
				ASSETCATALOG_COMPILER_APPICON_NAME = AppIcon;
				ASSETCATALOG_COMPILER_GLOBAL_ACCENT_COLOR_NAME = AccentColor;
				CODE_SIGN_STYLE = Automatic;
				COMPILER_INDEX_STORE_ENABLE = YES;
				CURRENT_PROJECT_VERSION = 1;
				DEVELOPMENT_ASSET_PATHS = "\"SessionApp/Preview Content\"";
				DEVELOPMENT_TEAM = C59RKZM3HY;
				ENABLE_PREVIEWS = YES;
				GENERATE_INFOPLIST_FILE = YES;
				INFOPLIST_FILE = SessionApp/Info.plist;
				INFOPLIST_KEY_CFBundleDisplayName = "";
				INFOPLIST_KEY_UIApplicationSceneManifest_Generation = YES;
				INFOPLIST_KEY_UIApplicationSupportsIndirectInputEvents = YES;
				INFOPLIST_KEY_UILaunchScreen_Generation = YES;
				INFOPLIST_KEY_UISupportedInterfaceOrientations_iPad = "UIInterfaceOrientationPortrait UIInterfaceOrientationPortraitUpsideDown UIInterfaceOrientationLandscapeLeft UIInterfaceOrientationLandscapeRight";
				INFOPLIST_KEY_UISupportedInterfaceOrientations_iPhone = "UIInterfaceOrientationPortrait UIInterfaceOrientationLandscapeLeft UIInterfaceOrientationLandscapeRight";
				LD_RUNPATH_SEARCH_PATHS = (
					"$(inherited)",
					"@executable_path/Frameworks",
				);
				MARKETING_VERSION = 1.0;
				PRODUCT_BUNDLE_IDENTIFIER = MediaOptimized.SessionApp;
				PRODUCT_NAME = "$(TARGET_NAME)";
				SWIFT_EMIT_LOC_STRINGS = YES;
				SWIFT_VERSION = 5.0;
				TARGETED_DEVICE_FAMILY = "1,2";
			};
			name = Debug;
		};
		29054D572B9F88C4003FA7EB /* Release */ = {
			isa = XCBuildConfiguration;
			buildSettings = {
				ASSETCATALOG_COMPILER_APPICON_NAME = AppIcon;
				ASSETCATALOG_COMPILER_GLOBAL_ACCENT_COLOR_NAME = AccentColor;
				CODE_SIGN_STYLE = Automatic;
				COMPILER_INDEX_STORE_ENABLE = YES;
				CURRENT_PROJECT_VERSION = 1;
				DEVELOPMENT_ASSET_PATHS = "\"SessionApp/Preview Content\"";
				DEVELOPMENT_TEAM = C59RKZM3HY;
				ENABLE_PREVIEWS = YES;
				GENERATE_INFOPLIST_FILE = YES;
				INFOPLIST_FILE = SessionApp/Info.plist;
				INFOPLIST_KEY_CFBundleDisplayName = "";
				INFOPLIST_KEY_UIApplicationSceneManifest_Generation = YES;
				INFOPLIST_KEY_UIApplicationSupportsIndirectInputEvents = YES;
				INFOPLIST_KEY_UILaunchScreen_Generation = YES;
				INFOPLIST_KEY_UISupportedInterfaceOrientations_iPad = "UIInterfaceOrientationPortrait UIInterfaceOrientationPortraitUpsideDown UIInterfaceOrientationLandscapeLeft UIInterfaceOrientationLandscapeRight";
				INFOPLIST_KEY_UISupportedInterfaceOrientations_iPhone = "UIInterfaceOrientationPortrait UIInterfaceOrientationLandscapeLeft UIInterfaceOrientationLandscapeRight";
				LD_RUNPATH_SEARCH_PATHS = (
					"$(inherited)",
					"@executable_path/Frameworks",
				);
				MARKETING_VERSION = 1.0;
				PRODUCT_BUNDLE_IDENTIFIER = MediaOptimized.SessionApp;
				PRODUCT_NAME = "$(TARGET_NAME)";
				SWIFT_EMIT_LOC_STRINGS = YES;
				SWIFT_VERSION = 5.0;
				TARGETED_DEVICE_FAMILY = "1,2";
			};
			name = Release;
		};
		29054D592B9F88C4003FA7EB /* Debug */ = {
			isa = XCBuildConfiguration;
			buildSettings = {
				BUNDLE_LOADER = "$(TEST_HOST)";
				CODE_SIGN_STYLE = Automatic;
				CURRENT_PROJECT_VERSION = 1;
				GENERATE_INFOPLIST_FILE = YES;
				IPHONEOS_DEPLOYMENT_TARGET = 17.4;
				MARKETING_VERSION = 1.0;
				PRODUCT_BUNDLE_IDENTIFIER = MediaOptimized.SessionAppTests;
				PRODUCT_NAME = "$(TARGET_NAME)";
				SWIFT_EMIT_LOC_STRINGS = NO;
				SWIFT_VERSION = 5.0;
				TARGETED_DEVICE_FAMILY = "1,2";
				TEST_HOST = "$(BUILT_PRODUCTS_DIR)/SessionApp.app/$(BUNDLE_EXECUTABLE_FOLDER_PATH)/SessionApp";
			};
			name = Debug;
		};
		29054D5A2B9F88C4003FA7EB /* Release */ = {
			isa = XCBuildConfiguration;
			buildSettings = {
				BUNDLE_LOADER = "$(TEST_HOST)";
				CODE_SIGN_STYLE = Automatic;
				CURRENT_PROJECT_VERSION = 1;
				GENERATE_INFOPLIST_FILE = YES;
				IPHONEOS_DEPLOYMENT_TARGET = 17.4;
				MARKETING_VERSION = 1.0;
				PRODUCT_BUNDLE_IDENTIFIER = MediaOptimized.SessionAppTests;
				PRODUCT_NAME = "$(TARGET_NAME)";
				SWIFT_EMIT_LOC_STRINGS = NO;
				SWIFT_VERSION = 5.0;
				TARGETED_DEVICE_FAMILY = "1,2";
				TEST_HOST = "$(BUILT_PRODUCTS_DIR)/SessionApp.app/$(BUNDLE_EXECUTABLE_FOLDER_PATH)/SessionApp";
			};
			name = Release;
		};
		29054D5C2B9F88C4003FA7EB /* Debug */ = {
			isa = XCBuildConfiguration;
			buildSettings = {
				CODE_SIGN_STYLE = Automatic;
				CURRENT_PROJECT_VERSION = 1;
				GENERATE_INFOPLIST_FILE = YES;
				MARKETING_VERSION = 1.0;
				PRODUCT_BUNDLE_IDENTIFIER = MediaOptimized.SessionAppUITests;
				PRODUCT_NAME = "$(TARGET_NAME)";
				SWIFT_EMIT_LOC_STRINGS = NO;
				SWIFT_VERSION = 5.0;
				TARGETED_DEVICE_FAMILY = "1,2";
				TEST_TARGET_NAME = SessionApp;
			};
			name = Debug;
		};
		29054D5D2B9F88C4003FA7EB /* Release */ = {
			isa = XCBuildConfiguration;
			buildSettings = {
				CODE_SIGN_STYLE = Automatic;
				CURRENT_PROJECT_VERSION = 1;
				GENERATE_INFOPLIST_FILE = YES;
				MARKETING_VERSION = 1.0;
				PRODUCT_BUNDLE_IDENTIFIER = MediaOptimized.SessionAppUITests;
				PRODUCT_NAME = "$(TARGET_NAME)";
				SWIFT_EMIT_LOC_STRINGS = NO;
				SWIFT_VERSION = 5.0;
				TARGETED_DEVICE_FAMILY = "1,2";
				TEST_TARGET_NAME = SessionApp;
			};
			name = Release;
		};
/* End XCBuildConfiguration section */

/* Begin XCConfigurationList section */
		29054D2C2B9F88C2003FA7EB /* Build configuration list for PBXProject "SessionApp" */ = {
			isa = XCConfigurationList;
			buildConfigurations = (
				29054D532B9F88C4003FA7EB /* Debug */,
				29054D542B9F88C4003FA7EB /* Release */,
			);
			defaultConfigurationIsVisible = 0;
			defaultConfigurationName = Release;
		};
		29054D552B9F88C4003FA7EB /* Build configuration list for PBXNativeTarget "SessionApp" */ = {
			isa = XCConfigurationList;
			buildConfigurations = (
				29054D562B9F88C4003FA7EB /* Debug */,
				29054D572B9F88C4003FA7EB /* Release */,
			);
			defaultConfigurationIsVisible = 0;
			defaultConfigurationName = Release;
		};
		29054D582B9F88C4003FA7EB /* Build configuration list for PBXNativeTarget "SessionAppTests" */ = {
			isa = XCConfigurationList;
			buildConfigurations = (
				29054D592B9F88C4003FA7EB /* Debug */,
				29054D5A2B9F88C4003FA7EB /* Release */,
			);
			defaultConfigurationIsVisible = 0;
			defaultConfigurationName = Release;
		};
		29054D5B2B9F88C4003FA7EB /* Build configuration list for PBXNativeTarget "SessionAppUITests" */ = {
			isa = XCConfigurationList;
			buildConfigurations = (
				29054D5C2B9F88C4003FA7EB /* Debug */,
				29054D5D2B9F88C4003FA7EB /* Release */,
			);
			defaultConfigurationIsVisible = 0;
			defaultConfigurationName = Release;
		};
/* End XCConfigurationList section */

/* Begin XCRemoteSwiftPackageReference section */
		2262C5FD2D5722BA005B5B58 /* XCRemoteSwiftPackageReference "GoogleSignIn-iOS" */ = {
			isa = XCRemoteSwiftPackageReference;
			repositoryURL = "https://github.com/google/GoogleSignIn-iOS";
			requirement = {
				kind = upToNextMajorVersion;
				minimumVersion = 8.0.0;
			};
		};
		29054D722BBDE4CE003FA7EB /* XCRemoteSwiftPackageReference "swiftui-cached-async-image" */ = {
			isa = XCRemoteSwiftPackageReference;
			repositoryURL = "https://github.com/lorenzofiamingo/swiftui-cached-async-image";
			requirement = {
				kind = upToNextMajorVersion;
				minimumVersion = 2.1.1;
			};
		};
/* End XCRemoteSwiftPackageReference section */

/* Begin XCSwiftPackageProductDependency section */
		2262C5FE2D5722BA005B5B58 /* GoogleSignIn */ = {
			isa = XCSwiftPackageProductDependency;
			package = 2262C5FD2D5722BA005B5B58 /* XCRemoteSwiftPackageReference "GoogleSignIn-iOS" */;
			productName = GoogleSignIn;
		};
		2262C6002D5722BA005B5B58 /* GoogleSignInSwift */ = {
			isa = XCSwiftPackageProductDependency;
			package = 2262C5FD2D5722BA005B5B58 /* XCRemoteSwiftPackageReference "GoogleSignIn-iOS" */;
			productName = GoogleSignInSwift;
		};
		29054D792BC44724003FA7EB /* CachedAsyncImage */ = {
			isa = XCSwiftPackageProductDependency;
			package = 29054D722BBDE4CE003FA7EB /* XCRemoteSwiftPackageReference "swiftui-cached-async-image" */;
			productName = CachedAsyncImage;
		};
/* End XCSwiftPackageProductDependency section */
	};
	rootObject = 29054D292B9F88C2003FA7EB /* Project object */;
}
